
Microsoft Visual Studio Solution File, Format Version 12.00
# Visual Studio Version 17
VisualStudioVersion = 17.8.34330.188
MinimumVisualStudioVersion = 10.0.40219.1
Project("{FAE04EC0-301F-11D3-BF4B-00C04F79EFBC}") = "02", "programming011.02\02.csproj", "{CCD02646-F19A-4128-9FB1-6792725D4BA2}"
EndProject
Project("{FAE04EC0-301F-11D3-BF4B-00C04F79EFBC}") = "03", "03\03.csproj", "{1D256E78-B6A3-4C64-A34D-93970B0D39B6}"
EndProject
Project("{FAE04EC0-301F-11D3-BF4B-00C04F79EFBC}") = "04", "04\04.csproj", "{3C35305F-CC74-4EA6-9EC5-0DD738059016}"
EndProject
Project("{FAE04EC0-301F-11D3-BF4B-00C04F79EFBC}") = "05", "05\05.csproj", "{ED8FAD4A-77AF-4818-AD31-B28E698A3AFA}"
EndProject
Project("{FAE04EC0-301F-11D3-BF4B-00C04F79EFBC}") = "06", "06\06.csproj", "{B5E607E0-DF57-40EF-8174-C684A588B197}"
EndProject
Project("{FAE04EC0-301F-11D3-BF4B-00C04F79EFBC}") = "07", "7\07.csproj", "{1BD30BC1-7F47-4015-A199-E3C75D3A6DA8}"
EndProject
Project("{FAE04EC0-301F-11D3-BF4B-00C04F79EFBC}") = "09", "09\09.csproj", "{D2E6BD3C-6A7A-4FF7-A720-575549428043}"
EndProject
Project("{FAE04EC0-301F-11D3-BF4B-00C04F79EFBC}") = "10", "10\10.csproj", "{4DC03B57-63A0-43B2-8CD2-23867AC4E49D}"
EndProject
Project("{FAE04EC0-301F-11D3-BF4B-00C04F79EFBC}") = "11", "11\11.csproj", "{89AAC4EA-1CFE-4363-B782-95E1DA7E9C10}"
EndProject
Project("{FAE04EC0-301F-11D3-BF4B-00C04F79EFBC}") = "12", "12\12.csproj", "{0576B903-54F7-4509-A621-557C2135D2D3}"
EndProject
Project("{FAE04EC0-301F-11D3-BF4B-00C04F79EFBC}") = "13", "13\13.csproj", "{2D75B015-4FF9-4836-B3FA-3088FFB926B6}"
EndProject
Project("{FAE04EC0-301F-11D3-BF4B-00C04F79EFBC}") = "14", "14\14.csproj", "{AD0DF28A-3AAF-4534-AD91-78BF97086BB1}"
EndProject
Global
	GlobalSection(SolutionConfigurationPlatforms) = preSolution
		Debug|Any CPU = Debug|Any CPU
		Release|Any CPU = Release|Any CPU
	EndGlobalSection
	GlobalSection(ProjectConfigurationPlatforms) = postSolution
		{CCD02646-F19A-4128-9FB1-6792725D4BA2}.Debug|Any CPU.ActiveCfg = Debug|Any CPU
		{CCD02646-F19A-4128-9FB1-6792725D4BA2}.Debug|Any CPU.Build.0 = Debug|Any CPU
		{CCD02646-F19A-4128-9FB1-6792725D4BA2}.Release|Any CPU.ActiveCfg = Release|Any CPU
		{CCD02646-F19A-4128-9FB1-6792725D4BA2}.Release|Any CPU.Build.0 = Release|Any CPU
		{1D256E78-B6A3-4C64-A34D-93970B0D39B6}.Debug|Any CPU.ActiveCfg = Debug|Any CPU
		{1D256E78-B6A3-4C64-A34D-93970B0D39B6}.Debug|Any CPU.Build.0 = Debug|Any CPU
		{1D256E78-B6A3-4C64-A34D-93970B0D39B6}.Release|Any CPU.ActiveCfg = Release|Any CPU
		{1D256E78-B6A3-4C64-A34D-93970B0D39B6}.Release|Any CPU.Build.0 = Release|Any CPU
		{3C35305F-CC74-4EA6-9EC5-0DD738059016}.Debug|Any CPU.ActiveCfg = Debug|Any CPU
		{3C35305F-CC74-4EA6-9EC5-0DD738059016}.Debug|Any CPU.Build.0 = Debug|Any CPU
		{3C35305F-CC74-4EA6-9EC5-0DD738059016}.Release|Any CPU.ActiveCfg = Release|Any CPU
		{3C35305F-CC74-4EA6-9EC5-0DD738059016}.Release|Any CPU.Build.0 = Release|Any CPU
		{ED8FAD4A-77AF-4818-AD31-B28E698A3AFA}.Debug|Any CPU.ActiveCfg = Debug|Any CPU
		{ED8FAD4A-77AF-4818-AD31-B28E698A3AFA}.Debug|Any CPU.Build.0 = Debug|Any CPU
		{ED8FAD4A-77AF-4818-AD31-B28E698A3AFA}.Release|Any CPU.ActiveCfg = Release|Any CPU
		{ED8FAD4A-77AF-4818-AD31-B28E698A3AFA}.Release|Any CPU.Build.0 = Release|Any CPU
		{B5E607E0-DF57-40EF-8174-C684A588B197}.Debug|Any CPU.ActiveCfg = Debug|Any CPU
		{B5E607E0-DF57-40EF-8174-C684A588B197}.Debug|Any CPU.Build.0 = Debug|Any CPU
		{B5E607E0-DF57-40EF-8174-C684A588B197}.Release|Any CPU.ActiveCfg = Release|Any CPU
		{B5E607E0-DF57-40EF-8174-C684A588B197}.Release|Any CPU.Build.0 = Release|Any CPU
		{1BD30BC1-7F47-4015-A199-E3C75D3A6DA8}.Debug|Any CPU.ActiveCfg = Debug|Any CPU
		{1BD30BC1-7F47-4015-A199-E3C75D3A6DA8}.Debug|Any CPU.Build.0 = Debug|Any CPU
		{1BD30BC1-7F47-4015-A199-E3C75D3A6DA8}.Release|Any CPU.ActiveCfg = Release|Any CPU
		{1BD30BC1-7F47-4015-A199-E3C75D3A6DA8}.Release|Any CPU.Build.0 = Release|Any CPU
		{D2E6BD3C-6A7A-4FF7-A720-575549428043}.Debug|Any CPU.ActiveCfg = Debug|Any CPU
		{D2E6BD3C-6A7A-4FF7-A720-575549428043}.Debug|Any CPU.Build.0 = Debug|Any CPU
		{D2E6BD3C-6A7A-4FF7-A720-575549428043}.Release|Any CPU.ActiveCfg = Release|Any CPU
		{D2E6BD3C-6A7A-4FF7-A720-575549428043}.Release|Any CPU.Build.0 = Release|Any CPU
		{4DC03B57-63A0-43B2-8CD2-23867AC4E49D}.Debug|Any CPU.ActiveCfg = Debug|Any CPU
		{4DC03B57-63A0-43B2-8CD2-23867AC4E49D}.Debug|Any CPU.Build.0 = Debug|Any CPU
		{4DC03B57-63A0-43B2-8CD2-23867AC4E49D}.Release|Any CPU.ActiveCfg = Release|Any CPU
		{4DC03B57-63A0-43B2-8CD2-23867AC4E49D}.Release|Any CPU.Build.0 = Release|Any CPU
		{89AAC4EA-1CFE-4363-B782-95E1DA7E9C10}.Debug|Any CPU.ActiveCfg = Debug|Any CPU
		{89AAC4EA-1CFE-4363-B782-95E1DA7E9C10}.Debug|Any CPU.Build.0 = Debug|Any CPU
		{89AAC4EA-1CFE-4363-B782-95E1DA7E9C10}.Release|Any CPU.ActiveCfg = Release|Any CPU
		{89AAC4EA-1CFE-4363-B782-95E1DA7E9C10}.Release|Any CPU.Build.0 = Release|Any CPU
		{0576B903-54F7-4509-A621-557C2135D2D3}.Debug|Any CPU.ActiveCfg = Debug|Any CPU
		{0576B903-54F7-4509-A621-557C2135D2D3}.Debug|Any CPU.Build.0 = Debug|Any CPU
		{0576B903-54F7-4509-A621-557C2135D2D3}.Release|Any CPU.ActiveCfg = Release|Any CPU
		{0576B903-54F7-4509-A621-557C2135D2D3}.Release|Any CPU.Build.0 = Release|Any CPU
		{2D75B015-4FF9-4836-B3FA-3088FFB926B6}.Debug|Any CPU.ActiveCfg = Debug|Any CPU
		{2D75B015-4FF9-4836-B3FA-3088FFB926B6}.Debug|Any CPU.Build.0 = Debug|Any CPU
		{2D75B015-4FF9-4836-B3FA-3088FFB926B6}.Release|Any CPU.ActiveCfg = Release|Any CPU
		{2D75B015-4FF9-4836-B3FA-3088FFB926B6}.Release|Any CPU.Build.0 = Release|Any CPU
		{AD0DF28A-3AAF-4534-AD91-78BF97086BB1}.Debug|Any CPU.ActiveCfg = Debug|Any CPU
		{AD0DF28A-3AAF-4534-AD91-78BF97086BB1}.Debug|Any CPU.Build.0 = Debug|Any CPU
		{AD0DF28A-3AAF-4534-AD91-78BF97086BB1}.Release|Any CPU.ActiveCfg = Release|Any CPU
		{AD0DF28A-3AAF-4534-AD91-78BF97086BB1}.Release|Any CPU.Build.0 = Release|Any CPU
	EndGlobalSection
	GlobalSection(SolutionProperties) = preSolution
		HideSolutionNode = FALSE
	EndGlobalSection
	GlobalSection(ExtensibilityGlobals) = postSolution
		SolutionGuid = {5C2A60F2-8102-443B-AEB9-8B67AD1B12CC}
	EndGlobalSection
EndGlobal
