
Microsoft Visual Studio Solution File, Format Version 12.00
# Visual Studio Version 17
VisualStudioVersion = 17.8.34330.188
MinimumVisualStudioVersion = 10.0.40219.1
Project("{FAE04EC0-301F-11D3-BF4B-00C04F79EFBC}") = "02", "programming011.02\02.csproj", "{CCD02646-F19A-4128-9FB1-6792725D4BA2}"
EndProject
Project("{FAE04EC0-301F-11D3-BF4B-00C04F79EFBC}") = "03", "03\03.csproj", "{1D256E78-B6A3-4C64-A34D-93970B0D39B6}"
EndProject
Project("{FAE04EC0-301F-11D3-BF4B-00C04F79EFBC}") = "04", "04\04.csproj", "{3C35305F-CC74-4EA6-9EC5-0DD738059016}"
EndProject
Project("{FAE04EC0-301F-11D3-BF4B-00C04F79EFBC}") = "05", "05\05.csproj", "{ED8FAD4A-77AF-4818-AD31-B28E698A3AFA}"
EndProject
Project("{FAE04EC0-301F-11D3-BF4B-00C04F79EFBC}") = "06", "06\06.csproj", "{B5E607E0-DF57-40EF-8174-C684A588B197}"
EndProject
Project("{FAE04EC0-301F-11D3-BF4B-00C04F79EFBC}") = "07", "7\07.csproj", "{1BD30BC1-7F47-4015-A199-E3C75D3A6DA8}"
EndProject
Project("{FAE04EC0-301F-11D3-BF4B-00C04F79EFBC}") = "09", "09\09.csproj", "{D2E6BD3C-6A7A-4FF7-A720-575549428043}"
EndProject
Project("{FAE04EC0-301F-11D3-BF4B-00C04F79EFBC}") = "10", "10\10.csproj", "{4DC03B57-63A0-43B2-8CD2-23867AC4E49D}"
EndProject
Project("{FAE04EC0-301F-11D3-BF4B-00C04F79EFBC}") = "11", "11\11.csproj", "{89AAC4EA-1CFE-4363-B782-95E1DA7E9C10}"
EndProject
Project("{FAE04EC0-301F-11D3-BF4B-00C04F79EFBC}") = "12", "12\12.csproj", "{0576B903-54F7-4509-A621-557C2135D2D3}"
EndProject
Project("{FAE04EC0-301F-11D3-BF4B-00C04F79EFBC}") = "13", "13\13.csproj", "{2D75B015-4FF9-4836-B3FA-3088FFB926B6}"
EndProject
Project("{FAE04EC0-301F-11D3-BF4B-00C04F79EFBC}") = "14", "14\14.csproj", "{AD0DF28A-3AAF-4534-AD91-78BF97086BB1}"
EndProject
Project("{FAE04EC0-301F-11D3-BF4B-00C04F79EFBC}") = "15", "15\15.csproj", "{05BC7938-4D72-4708-ADAA-5E2599015401}"
EndProject
Project("{FAE04EC0-301F-11D3-BF4B-00C04F79EFBC}") = "18", "18\18.csproj", "{D298E94A-4ABF-4041-8F2D-54EEDD11DB7D}"
EndProject
Project("{FAE04EC0-301F-11D3-BF4B-00C04F79EFBC}") = "19", "19\19.csproj", "{2D5134FF-BF17-4311-9708-20F0890ADCC8}"
EndProject
Project("{FAE04EC0-301F-11D3-BF4B-00C04F79EFBC}") = "20", "20\20.csproj", "{A7C68DB2-7AE1-460D-96EB-4939D5FE4394}"
EndProject
Project("{FAE04EC0-301F-11D3-BF4B-00C04F79EFBC}") = "21", "21\21.csproj", "{381EF00E-A3FC-4CEE-9492-E921AB745DB3}"
EndProject
Project("{FAE04EC0-301F-11D3-BF4B-00C04F79EFBC}") = "22", "22\22.csproj", "{D8700FBF-229B-4537-9752-9CF2F89DBEFC}"
EndProject
Project("{FAE04EC0-301F-11D3-BF4B-00C04F79EFBC}") = "23", "23\23.csproj", "{559B9FEC-A9B0-4603-B18D-29EADFA22729}"
EndProject
Project("{FAE04EC0-301F-11D3-BF4B-00C04F79EFBC}") = "24", "24\24.csproj", "{E3AE51F1-8DEE-4F6F-88FE-CA9212F5419E}"
EndProject
Project("{FAE04EC0-301F-11D3-BF4B-00C04F79EFBC}") = "25", "25\25.csproj", "{EA09025A-22DA-4520-88D8-D3907D37F05E}"
EndProject
Project("{FAE04EC0-301F-11D3-BF4B-00C04F79EFBC}") = "26", "26\26.csproj", "{267B43A1-E8F6-46A2-B7B0-2D5BEE8D7139}"
EndProject
Project("{FAE04EC0-301F-11D3-BF4B-00C04F79EFBC}") = "27", "27\27.csproj", "{480C215E-49BD-4A78-A688-B52739CF9C1D}"
EndProject
Project("{FAE04EC0-301F-11D3-BF4B-00C04F79EFBC}") = "28", "28\28.csproj", "{6411F7C7-16D2-46AC-A525-3CEF68C6A07C}"
EndProject
Project("{FAE04EC0-301F-11D3-BF4B-00C04F79EFBC}") = "29", "29\29.csproj", "{EEF84B4E-48F0-4A36-98EF-B09BF1BDD489}"
EndProject
Project("{FAE04EC0-301F-11D3-BF4B-00C04F79EFBC}") = "38", "38\38.csproj", "{7D1896C4-0D44-408A-8668-2825C0D8CAE9}"
EndProject
Project("{FAE04EC0-301F-11D3-BF4B-00C04F79EFBC}") = "39", "39\39.csproj", "{D6A06548-BB1B-4C11-BCA2-159211A10D4A}"
EndProject
Project("{FAE04EC0-301F-11D3-BF4B-00C04F79EFBC}") = "40", "40\40.csproj", "{AF638A75-EE11-4FD0-992B-56BE917EDA46}"
EndProject
Project("{FAE04EC0-301F-11D3-BF4B-00C04F79EFBC}") = "41", "41\41.csproj", "{5EEEF646-B624-4DD3-8F6C-92CBCD3D0B53}"
EndProject
Project("{9A19103F-16F7-4668-BE54-9A1E7A4F7556}") = "41.forms", "41.forms\41.forms.csproj", "{981E532F-8318-4EB8-99D2-AAEDAC917EFD}"
EndProject
Project("{FAE04EC0-301F-11D3-BF4B-00C04F79EFBC}") = "42", "42\42.csproj", "{ADDA961F-1A34-4AA0-A9E9-54F5D78554C0}"
EndProject
Global
	GlobalSection(SolutionConfigurationPlatforms) = preSolution
		Debug|Any CPU = Debug|Any CPU
		Release|Any CPU = Release|Any CPU
	EndGlobalSection
	GlobalSection(ProjectConfigurationPlatforms) = postSolution
		{CCD02646-F19A-4128-9FB1-6792725D4BA2}.Debug|Any CPU.ActiveCfg = Debug|Any CPU
		{CCD02646-F19A-4128-9FB1-6792725D4BA2}.Debug|Any CPU.Build.0 = Debug|Any CPU
		{CCD02646-F19A-4128-9FB1-6792725D4BA2}.Release|Any CPU.ActiveCfg = Release|Any CPU
		{CCD02646-F19A-4128-9FB1-6792725D4BA2}.Release|Any CPU.Build.0 = Release|Any CPU
		{1D256E78-B6A3-4C64-A34D-93970B0D39B6}.Debug|Any CPU.ActiveCfg = Debug|Any CPU
		{1D256E78-B6A3-4C64-A34D-93970B0D39B6}.Debug|Any CPU.Build.0 = Debug|Any CPU
		{1D256E78-B6A3-4C64-A34D-93970B0D39B6}.Release|Any CPU.ActiveCfg = Release|Any CPU
		{1D256E78-B6A3-4C64-A34D-93970B0D39B6}.Release|Any CPU.Build.0 = Release|Any CPU
		{3C35305F-CC74-4EA6-9EC5-0DD738059016}.Debug|Any CPU.ActiveCfg = Debug|Any CPU
		{3C35305F-CC74-4EA6-9EC5-0DD738059016}.Debug|Any CPU.Build.0 = Debug|Any CPU
		{3C35305F-CC74-4EA6-9EC5-0DD738059016}.Release|Any CPU.ActiveCfg = Release|Any CPU
		{3C35305F-CC74-4EA6-9EC5-0DD738059016}.Release|Any CPU.Build.0 = Release|Any CPU
		{ED8FAD4A-77AF-4818-AD31-B28E698A3AFA}.Debug|Any CPU.ActiveCfg = Debug|Any CPU
		{ED8FAD4A-77AF-4818-AD31-B28E698A3AFA}.Debug|Any CPU.Build.0 = Debug|Any CPU
		{ED8FAD4A-77AF-4818-AD31-B28E698A3AFA}.Release|Any CPU.ActiveCfg = Release|Any CPU
		{ED8FAD4A-77AF-4818-AD31-B28E698A3AFA}.Release|Any CPU.Build.0 = Release|Any CPU
		{B5E607E0-DF57-40EF-8174-C684A588B197}.Debug|Any CPU.ActiveCfg = Debug|Any CPU
		{B5E607E0-DF57-40EF-8174-C684A588B197}.Debug|Any CPU.Build.0 = Debug|Any CPU
		{B5E607E0-DF57-40EF-8174-C684A588B197}.Release|Any CPU.ActiveCfg = Release|Any CPU
		{B5E607E0-DF57-40EF-8174-C684A588B197}.Release|Any CPU.Build.0 = Release|Any CPU
		{1BD30BC1-7F47-4015-A199-E3C75D3A6DA8}.Debug|Any CPU.ActiveCfg = Debug|Any CPU
		{1BD30BC1-7F47-4015-A199-E3C75D3A6DA8}.Debug|Any CPU.Build.0 = Debug|Any CPU
		{1BD30BC1-7F47-4015-A199-E3C75D3A6DA8}.Release|Any CPU.ActiveCfg = Release|Any CPU
		{1BD30BC1-7F47-4015-A199-E3C75D3A6DA8}.Release|Any CPU.Build.0 = Release|Any CPU
		{D2E6BD3C-6A7A-4FF7-A720-575549428043}.Debug|Any CPU.ActiveCfg = Debug|Any CPU
		{D2E6BD3C-6A7A-4FF7-A720-575549428043}.Debug|Any CPU.Build.0 = Debug|Any CPU
		{D2E6BD3C-6A7A-4FF7-A720-575549428043}.Release|Any CPU.ActiveCfg = Release|Any CPU
		{D2E6BD3C-6A7A-4FF7-A720-575549428043}.Release|Any CPU.Build.0 = Release|Any CPU
		{4DC03B57-63A0-43B2-8CD2-23867AC4E49D}.Debug|Any CPU.ActiveCfg = Debug|Any CPU
		{4DC03B57-63A0-43B2-8CD2-23867AC4E49D}.Debug|Any CPU.Build.0 = Debug|Any CPU
		{4DC03B57-63A0-43B2-8CD2-23867AC4E49D}.Release|Any CPU.ActiveCfg = Release|Any CPU
		{4DC03B57-63A0-43B2-8CD2-23867AC4E49D}.Release|Any CPU.Build.0 = Release|Any CPU
		{89AAC4EA-1CFE-4363-B782-95E1DA7E9C10}.Debug|Any CPU.ActiveCfg = Debug|Any CPU
		{89AAC4EA-1CFE-4363-B782-95E1DA7E9C10}.Debug|Any CPU.Build.0 = Debug|Any CPU
		{89AAC4EA-1CFE-4363-B782-95E1DA7E9C10}.Release|Any CPU.ActiveCfg = Release|Any CPU
		{89AAC4EA-1CFE-4363-B782-95E1DA7E9C10}.Release|Any CPU.Build.0 = Release|Any CPU
		{0576B903-54F7-4509-A621-557C2135D2D3}.Debug|Any CPU.ActiveCfg = Debug|Any CPU
		{0576B903-54F7-4509-A621-557C2135D2D3}.Debug|Any CPU.Build.0 = Debug|Any CPU
		{0576B903-54F7-4509-A621-557C2135D2D3}.Release|Any CPU.ActiveCfg = Release|Any CPU
		{0576B903-54F7-4509-A621-557C2135D2D3}.Release|Any CPU.Build.0 = Release|Any CPU
		{2D75B015-4FF9-4836-B3FA-3088FFB926B6}.Debug|Any CPU.ActiveCfg = Debug|Any CPU
		{2D75B015-4FF9-4836-B3FA-3088FFB926B6}.Debug|Any CPU.Build.0 = Debug|Any CPU
		{2D75B015-4FF9-4836-B3FA-3088FFB926B6}.Release|Any CPU.ActiveCfg = Release|Any CPU
		{2D75B015-4FF9-4836-B3FA-3088FFB926B6}.Release|Any CPU.Build.0 = Release|Any CPU
		{AD0DF28A-3AAF-4534-AD91-78BF97086BB1}.Debug|Any CPU.ActiveCfg = Debug|Any CPU
		{AD0DF28A-3AAF-4534-AD91-78BF97086BB1}.Debug|Any CPU.Build.0 = Debug|Any CPU
		{AD0DF28A-3AAF-4534-AD91-78BF97086BB1}.Release|Any CPU.ActiveCfg = Release|Any CPU
		{AD0DF28A-3AAF-4534-AD91-78BF97086BB1}.Release|Any CPU.Build.0 = Release|Any CPU
		{05BC7938-4D72-4708-ADAA-5E2599015401}.Debug|Any CPU.ActiveCfg = Debug|Any CPU
		{05BC7938-4D72-4708-ADAA-5E2599015401}.Debug|Any CPU.Build.0 = Debug|Any CPU
		{05BC7938-4D72-4708-ADAA-5E2599015401}.Release|Any CPU.ActiveCfg = Release|Any CPU
		{05BC7938-4D72-4708-ADAA-5E2599015401}.Release|Any CPU.Build.0 = Release|Any CPU
		{D298E94A-4ABF-4041-8F2D-54EEDD11DB7D}.Debug|Any CPU.ActiveCfg = Debug|Any CPU
		{D298E94A-4ABF-4041-8F2D-54EEDD11DB7D}.Debug|Any CPU.Build.0 = Debug|Any CPU
		{D298E94A-4ABF-4041-8F2D-54EEDD11DB7D}.Release|Any CPU.ActiveCfg = Release|Any CPU
		{D298E94A-4ABF-4041-8F2D-54EEDD11DB7D}.Release|Any CPU.Build.0 = Release|Any CPU
		{2D5134FF-BF17-4311-9708-20F0890ADCC8}.Debug|Any CPU.ActiveCfg = Debug|Any CPU
		{2D5134FF-BF17-4311-9708-20F0890ADCC8}.Debug|Any CPU.Build.0 = Debug|Any CPU
		{2D5134FF-BF17-4311-9708-20F0890ADCC8}.Release|Any CPU.ActiveCfg = Release|Any CPU
		{2D5134FF-BF17-4311-9708-20F0890ADCC8}.Release|Any CPU.Build.0 = Release|Any CPU
		{A7C68DB2-7AE1-460D-96EB-4939D5FE4394}.Debug|Any CPU.ActiveCfg = Debug|Any CPU
		{A7C68DB2-7AE1-460D-96EB-4939D5FE4394}.Debug|Any CPU.Build.0 = Debug|Any CPU
		{A7C68DB2-7AE1-460D-96EB-4939D5FE4394}.Release|Any CPU.ActiveCfg = Release|Any CPU
		{A7C68DB2-7AE1-460D-96EB-4939D5FE4394}.Release|Any CPU.Build.0 = Release|Any CPU
		{381EF00E-A3FC-4CEE-9492-E921AB745DB3}.Debug|Any CPU.ActiveCfg = Debug|Any CPU
		{381EF00E-A3FC-4CEE-9492-E921AB745DB3}.Debug|Any CPU.Build.0 = Debug|Any CPU
		{381EF00E-A3FC-4CEE-9492-E921AB745DB3}.Release|Any CPU.ActiveCfg = Release|Any CPU
		{381EF00E-A3FC-4CEE-9492-E921AB745DB3}.Release|Any CPU.Build.0 = Release|Any CPU
		{D8700FBF-229B-4537-9752-9CF2F89DBEFC}.Debug|Any CPU.ActiveCfg = Debug|Any CPU
		{D8700FBF-229B-4537-9752-9CF2F89DBEFC}.Debug|Any CPU.Build.0 = Debug|Any CPU
		{D8700FBF-229B-4537-9752-9CF2F89DBEFC}.Release|Any CPU.ActiveCfg = Release|Any CPU
		{D8700FBF-229B-4537-9752-9CF2F89DBEFC}.Release|Any CPU.Build.0 = Release|Any CPU
		{559B9FEC-A9B0-4603-B18D-29EADFA22729}.Debug|Any CPU.ActiveCfg = Debug|Any CPU
		{559B9FEC-A9B0-4603-B18D-29EADFA22729}.Debug|Any CPU.Build.0 = Debug|Any CPU
		{559B9FEC-A9B0-4603-B18D-29EADFA22729}.Release|Any CPU.ActiveCfg = Release|Any CPU
		{559B9FEC-A9B0-4603-B18D-29EADFA22729}.Release|Any CPU.Build.0 = Release|Any CPU
		{E3AE51F1-8DEE-4F6F-88FE-CA9212F5419E}.Debug|Any CPU.ActiveCfg = Debug|Any CPU
		{E3AE51F1-8DEE-4F6F-88FE-CA9212F5419E}.Debug|Any CPU.Build.0 = Debug|Any CPU
		{E3AE51F1-8DEE-4F6F-88FE-CA9212F5419E}.Release|Any CPU.ActiveCfg = Release|Any CPU
		{E3AE51F1-8DEE-4F6F-88FE-CA9212F5419E}.Release|Any CPU.Build.0 = Release|Any CPU
		{EA09025A-22DA-4520-88D8-D3907D37F05E}.Debug|Any CPU.ActiveCfg = Debug|Any CPU
		{EA09025A-22DA-4520-88D8-D3907D37F05E}.Debug|Any CPU.Build.0 = Debug|Any CPU
		{EA09025A-22DA-4520-88D8-D3907D37F05E}.Release|Any CPU.ActiveCfg = Release|Any CPU
		{EA09025A-22DA-4520-88D8-D3907D37F05E}.Release|Any CPU.Build.0 = Release|Any CPU
		{267B43A1-E8F6-46A2-B7B0-2D5BEE8D7139}.Debug|Any CPU.ActiveCfg = Debug|Any CPU
		{267B43A1-E8F6-46A2-B7B0-2D5BEE8D7139}.Debug|Any CPU.Build.0 = Debug|Any CPU
		{267B43A1-E8F6-46A2-B7B0-2D5BEE8D7139}.Release|Any CPU.ActiveCfg = Release|Any CPU
		{267B43A1-E8F6-46A2-B7B0-2D5BEE8D7139}.Release|Any CPU.Build.0 = Release|Any CPU
		{480C215E-49BD-4A78-A688-B52739CF9C1D}.Debug|Any CPU.ActiveCfg = Debug|Any CPU
		{480C215E-49BD-4A78-A688-B52739CF9C1D}.Debug|Any CPU.Build.0 = Debug|Any CPU
		{480C215E-49BD-4A78-A688-B52739CF9C1D}.Release|Any CPU.ActiveCfg = Release|Any CPU
		{480C215E-49BD-4A78-A688-B52739CF9C1D}.Release|Any CPU.Build.0 = Release|Any CPU
		{6411F7C7-16D2-46AC-A525-3CEF68C6A07C}.Debug|Any CPU.ActiveCfg = Debug|Any CPU
		{6411F7C7-16D2-46AC-A525-3CEF68C6A07C}.Debug|Any CPU.Build.0 = Debug|Any CPU
		{6411F7C7-16D2-46AC-A525-3CEF68C6A07C}.Release|Any CPU.ActiveCfg = Release|Any CPU
		{6411F7C7-16D2-46AC-A525-3CEF68C6A07C}.Release|Any CPU.Build.0 = Release|Any CPU
		{EEF84B4E-48F0-4A36-98EF-B09BF1BDD489}.Debug|Any CPU.ActiveCfg = Debug|Any CPU
		{EEF84B4E-48F0-4A36-98EF-B09BF1BDD489}.Debug|Any CPU.Build.0 = Debug|Any CPU
		{EEF84B4E-48F0-4A36-98EF-B09BF1BDD489}.Release|Any CPU.ActiveCfg = Release|Any CPU
		{EEF84B4E-48F0-4A36-98EF-B09BF1BDD489}.Release|Any CPU.Build.0 = Release|Any CPU
		{7D1896C4-0D44-408A-8668-2825C0D8CAE9}.Debug|Any CPU.ActiveCfg = Debug|Any CPU
		{7D1896C4-0D44-408A-8668-2825C0D8CAE9}.Debug|Any CPU.Build.0 = Debug|Any CPU
		{7D1896C4-0D44-408A-8668-2825C0D8CAE9}.Release|Any CPU.ActiveCfg = Release|Any CPU
		{7D1896C4-0D44-408A-8668-2825C0D8CAE9}.Release|Any CPU.Build.0 = Release|Any CPU
		{D6A06548-BB1B-4C11-BCA2-159211A10D4A}.Debug|Any CPU.ActiveCfg = Debug|Any CPU
		{D6A06548-BB1B-4C11-BCA2-159211A10D4A}.Debug|Any CPU.Build.0 = Debug|Any CPU
		{D6A06548-BB1B-4C11-BCA2-159211A10D4A}.Release|Any CPU.ActiveCfg = Release|Any CPU
		{D6A06548-BB1B-4C11-BCA2-159211A10D4A}.Release|Any CPU.Build.0 = Release|Any CPU
		{AF638A75-EE11-4FD0-992B-56BE917EDA46}.Debug|Any CPU.ActiveCfg = Debug|Any CPU
		{AF638A75-EE11-4FD0-992B-56BE917EDA46}.Debug|Any CPU.Build.0 = Debug|Any CPU
		{AF638A75-EE11-4FD0-992B-56BE917EDA46}.Release|Any CPU.ActiveCfg = Release|Any CPU
		{AF638A75-EE11-4FD0-992B-56BE917EDA46}.Release|Any CPU.Build.0 = Release|Any CPU
		{5EEEF646-B624-4DD3-8F6C-92CBCD3D0B53}.Debug|Any CPU.ActiveCfg = Debug|Any CPU
		{5EEEF646-B624-4DD3-8F6C-92CBCD3D0B53}.Debug|Any CPU.Build.0 = Debug|Any CPU
		{5EEEF646-B624-4DD3-8F6C-92CBCD3D0B53}.Release|Any CPU.ActiveCfg = Release|Any CPU
		{5EEEF646-B624-4DD3-8F6C-92CBCD3D0B53}.Release|Any CPU.Build.0 = Release|Any CPU
		{981E532F-8318-4EB8-99D2-AAEDAC917EFD}.Debug|Any CPU.ActiveCfg = Debug|Any CPU
		{981E532F-8318-4EB8-99D2-AAEDAC917EFD}.Debug|Any CPU.Build.0 = Debug|Any CPU
		{981E532F-8318-4EB8-99D2-AAEDAC917EFD}.Release|Any CPU.ActiveCfg = Release|Any CPU
		{981E532F-8318-4EB8-99D2-AAEDAC917EFD}.Release|Any CPU.Build.0 = Release|Any CPU
		{ADDA961F-1A34-4AA0-A9E9-54F5D78554C0}.Debug|Any CPU.ActiveCfg = Debug|Any CPU
		{ADDA961F-1A34-4AA0-A9E9-54F5D78554C0}.Debug|Any CPU.Build.0 = Debug|Any CPU
		{ADDA961F-1A34-4AA0-A9E9-54F5D78554C0}.Release|Any CPU.ActiveCfg = Release|Any CPU
		{ADDA961F-1A34-4AA0-A9E9-54F5D78554C0}.Release|Any CPU.Build.0 = Release|Any CPU
	EndGlobalSection
	GlobalSection(SolutionProperties) = preSolution
		HideSolutionNode = FALSE
	EndGlobalSection
	GlobalSection(ExtensibilityGlobals) = postSolution
		SolutionGuid = {5C2A60F2-8102-443B-AEB9-8B67AD1B12CC}
	EndGlobalSection
EndGlobal
